// !$*UTF8*$!
{
	archiveVersion = 1;
	classes = {
	};
	objectVersion = 77;
	objects = {

/* Begin PBXBuildFile section */
		001A33020576B3AF24341159 /* CycleLogManager.swift in Sources */ = {isa = PBXBuildFile; fileRef = D7529A3B3DADEE6EF5026B0E /* CycleLogManager.swift */; };
		030E1F23D0A89A99B0E78FA7 /* BBTChartView.swift in Sources */ = {isa = PBXBuildFile; fileRef = FAFADF0C35BAC7F00FF550DE /* BBTChartView.swift */; };
		03648E324E5BFC4EA23A0D56 /* ETBookOT-Bold.otf in Resources */ = {isa = PBXBuildFile; fileRef = 8927E550B02C19E21D612E12 /* ETBookOT-Bold.otf */; };
		0F9AA0D8814C1145305B4249 /* ETBookOT-Italic.otf in Resources */ = {isa = PBXBuildFile; fileRef = 55B6100F523885E7AA5478CE /* ETBookOT-Italic.otf */; };
		15DBE4925CDEAF79128645FF /* Ingredient.swift in Sources */ = {isa = PBXBuildFile; fileRef = 47AE4ABD64FD5A970924AF9F /* Ingredient.swift */; };
		18562E4C88CA4207B48D8E64 /* ProfileCardView.swift in Sources */ = {isa = PBXBuildFile; fileRef = 6468211DDF034E468B78C474 /* ProfileCardView.swift */; };
		1998C9D3CDF5081A78BDDC34 /* PlanView.swift in Sources */ = {isa = PBXBuildFile; fileRef = 139601881931CFC6FF7B74E1 /* PlanView.swift */; };
		1D4AEE89AE3C7364EE642085 /* AuthService.swift in Sources */ = {isa = PBXBuildFile; fileRef = 7245C7AA1D424F2BBA5DC4AE /* AuthService.swift */; };
		1E0B17C6A67D7A6EACB403EB /* APITypes.swift in Sources */ = {isa = PBXBuildFile; fileRef = B233D18437DE7FE9143139FA /* APITypes.swift */; };
		1EEACB6E8B1B6B40689CB31F /* TimeBlockProgressBar.swift in Sources */ = {isa = PBXBuildFile; fileRef = 2C46161AE72FE60368EE4CC1 /* TimeBlockProgressBar.swift */; };
		1FCEB15251A81E567BCDA861 /* MealCardView.swift in Sources */ = {isa = PBXBuildFile; fileRef = 74614E34083D59F3BD2F06CD /* MealCardView.swift */; };
		2100DEA3D0375304808B57D3 /* LearnView.swift in Sources */ = {isa = PBXBuildFile; fileRef = D3B892F182887563667F5B94 /* LearnView.swift */; };
		217C430C64F2127E3BC45973 /* TimeParserTests.swift in Sources */ = {isa = PBXBuildFile; fileRef = EE9C894AE304C8DB2994167E /* TimeParserTests.swift */; };
		23C40DBF4493E863CB1948DC /* PlanItemLog.swift in Sources */ = {isa = PBXBuildFile; fileRef = E993A1D3841D81A84CE42EA0 /* PlanItemLog.swift */; };
		241D91888B767F744E89CAC4 /* CalendarService.swift in Sources */ = {isa = PBXBuildFile; fileRef = 55559112F1FA8F997EDBD43C /* CalendarService.swift */; };
		24CFECC7E05A555F29097687 /* MacroSummaryBar.swift in Sources */ = {isa = PBXBuildFile; fileRef = 199440C62E1016C84A8ADDB6 /* MacroSummaryBar.swift */; };
		28BBB235D84556A111365641 /* CycleServiceTests.swift in Sources */ = {isa = PBXBuildFile; fileRef = 6CACFC950E11B9CFBC046464 /* CycleServiceTests.swift */; };
		2CB612F8E387198C82A95B3C /* SwipeActionWrapper.swift in Sources */ = {isa = PBXBuildFile; fileRef = AC4AAE86FA314900B25D24A5 /* SwipeActionWrapper.swift */; };
		2DB693226B556C4869CE4843 /* SexualActivityLogTests.swift in Sources */ = {isa = PBXBuildFile; fileRef = 71FBF2EF588DEFD729D49296 /* SexualActivityLogTests.swift */; };
		30EE9D79EFF77417CE090737 /* PlusJakartaSans-Italic-Variable.ttf in Resources */ = {isa = PBXBuildFile; fileRef = 1285963692ECE549381BD855 /* PlusJakartaSans-Italic-Variable.ttf */; };
		34F0E16AE5A180131D4E929E /* MoveView.swift in Sources */ = {isa = PBXBuildFile; fileRef = DF90EF9AB5D621D4DEA96727 /* MoveView.swift */; };
		391B30BEF2F89463F895D21A /* MyCycleView.swift in Sources */ = {isa = PBXBuildFile; fileRef = ACE2279ADDF428CBE8E2C7CC /* MyCycleView.swift */; };
		396A76BA5E7CA677D456F13D /* BBTLogTests.swift in Sources */ = {isa = PBXBuildFile; fileRef = C3031E31DC0C2CCA190E266F /* BBTLogTests.swift */; };
		3FB6627C99F80D39D278AC23 /* PlanResolver.swift in Sources */ = {isa = PBXBuildFile; fileRef = E78C4B608FA7C85FF07BBBD0 /* PlanResolver.swift */; };
		42811FDE29A80C9297D6BCF0 /* ETBookOT-Roman.otf in Resources */ = {isa = PBXBuildFile; fileRef = AEE6E78E3C834863E28CB867 /* ETBookOT-Roman.otf */; };
		437E65AEA8BF08A7D9EB8ACB /* DailySchedule.swift in Sources */ = {isa = PBXBuildFile; fileRef = 00B382B007CE7D900F6D6295 /* DailySchedule.swift */; };
		48444D91397879B8B917C1A2 /* UserProfile.swift in Sources */ = {isa = PBXBuildFile; fileRef = 17E7E01954CF02077FD85B1D /* UserProfile.swift */; };
		49860F69A231FAA08E77FD3C /* KeychainHelper.swift in Sources */ = {isa = PBXBuildFile; fileRef = B9CCEC4BE85D32ECADC442DF /* KeychainHelper.swift */; };
		49B2612CFE20FA051B0220A3 /* PlanTemplate.swift in Sources */ = {isa = PBXBuildFile; fileRef = A8F86A21EEB0120BF2449333 /* PlanTemplate.swift */; };
		4BD51021E9A7DC635BACA0FF /* CycleService.swift in Sources */ = {isa = PBXBuildFile; fileRef = 3887E5AE582DF244E341C951 /* CycleService.swift */; };
		4D188D4E73C2D392A1E96BA0 /* SymptomLog.swift in Sources */ = {isa = PBXBuildFile; fileRef = FC809F47B0D06CD2891BC0E3 /* SymptomLog.swift */; };
		504C4AB356F2785DF61CB565 /* TimeBlockService.swift in Sources */ = {isa = PBXBuildFile; fileRef = FD8A6B06B0A8FFC7F16DE4E6 /* TimeBlockService.swift */; };
		51622F48F5553D812757DE1A /* FlowLayout.swift in Sources */ = {isa = PBXBuildFile; fileRef = EE970A9A8FCC967A88730894 /* FlowLayout.swift */; };
		52034D02C4571AB13AC0BD01 /* AddPlanItemSheet.swift in Sources */ = {isa = PBXBuildFile; fileRef = 59244F900B473FF2696C7013 /* AddPlanItemSheet.swift */; };
		5677803EBD6ABF08732CBDCD /* PlanSupplementsView.swift in Sources */ = {isa = PBXBuildFile; fileRef = D113899BC720CFB56EE6666C /* PlanSupplementsView.swift */; };
		5B0FF0DD9F2771C39D5D8F2A /* RecipeIngredient.swift in Sources */ = {isa = PBXBuildFile; fileRef = 91CB63F1639B1A1C605D6777 /* RecipeIngredient.swift */; };
		5B212908DEB491DDE37D2745 /* LogPeriodSheet.swift in Sources */ = {isa = PBXBuildFile; fileRef = 0F2923570EC72BD28B4A99C9 /* LogPeriodSheet.swift */; };
		5BE6BE676B4D1C6745F129FB /* WorkoutDetailView.swift in Sources */ = {isa = PBXBuildFile; fileRef = CC3748EF0F2C2C5FD21C8A2B /* WorkoutDetailView.swift */; };
		5CFD94FA4BBE173A07B270EC /* NourishView.swift in Sources */ = {isa = PBXBuildFile; fileRef = 6BF3C67B2A132ED0E032E4A8 /* NourishView.swift */; };
		5E63BD1CFA35BF71A4FA39F3 /* TodayView.swift in Sources */ = {isa = PBXBuildFile; fileRef = 1DAAFFB2FDB7137CD4420838 /* TodayView.swift */; };
		5F08CE76016ECA6456771BFB /* AddCustomSupplementView.swift in Sources */ = {isa = PBXBuildFile; fileRef = 4AF49201192E92E47B9AA71C /* AddCustomSupplementView.swift */; };
		5F26C726E9C85134C94C0E02 /* NamahCopy.swift in Sources */ = {isa = PBXBuildFile; fileRef = 6C544C395C70100B78E0BBEB /* NamahCopy.swift */; };
		60F28E643071535CE5C35361 /* HormonesView.swift in Sources */ = {isa = PBXBuildFile; fileRef = 0A5D909D0CE0E5948C5B7B30 /* HormonesView.swift */; };
		63295AAACEDC7D54D1FA7B8F /* PhaseShapes.swift in Sources */ = {isa = PBXBuildFile; fileRef = 8D534EBA3E8B9917DF250DF0 /* PhaseShapes.swift */; };
		687FFA677A70FC9A07C6194C /* ContentView.swift in Sources */ = {isa = PBXBuildFile; fileRef = 8E1C5125977D07DE7E35DCE9 /* ContentView.swift */; };
		6AF99D677B0EAB761D23F3BC /* Phase.swift in Sources */ = {isa = PBXBuildFile; fileRef = 62EC3D42C8A5F785258C6136 /* Phase.swift */; };
		72B3B9EDA98808F827C928D8 /* EvidenceBadge.swift in Sources */ = {isa = PBXBuildFile; fileRef = FB82FB36EC36F79E61AED6E9 /* EvidenceBadge.swift */; };
		743CDF5AA4EF10D7AA39A025 /* DailyScheduleTemplateSheet.swift in Sources */ = {isa = PBXBuildFile; fileRef = C7082DA48A20FFBF7846C3A3 /* DailyScheduleTemplateSheet.swift */; };
		75D28AEAB79BB2B5DC353ECA /* TimeParser.swift in Sources */ = {isa = PBXBuildFile; fileRef = 6CF0DC66C421BE29309B9DD3 /* TimeParser.swift */; };
		7D1FB4CEABC2501DB2557982 /* PlusJakartaSans-Variable.ttf in Resources */ = {isa = PBXBuildFile; fileRef = 7F63DDFE165B5700E134096C /* PlusJakartaSans-Variable.ttf */; };
		7F0E64D08EDB4851A2223BF5 /* MealCardContent.swift in Sources */ = {isa = PBXBuildFile; fileRef = 2FE4C3B20CAD4C839C99EDF0 /* MealCardContent.swift */; };
		8ABC08B6124A9C5884082B41 /* SyncService.swift in Sources */ = {isa = PBXBuildFile; fileRef = F84D838A60B19FC4A03859BF /* SyncService.swift */; };
		8D913CF73BCBC73B4A3C20EA /* MealDetailView.swift in Sources */ = {isa = PBXBuildFile; fileRef = A8B1149912C3E0EFBC9E4C63 /* MealDetailView.swift */; };
		8E5574AA47293414B50271D5 /* Workout.swift in Sources */ = {isa = PBXBuildFile; fileRef = 79F45B46DC6CFDA59430B339 /* Workout.swift */; };
		8E868CB450DC435E34B9F1F8 /* HormoneChartView.swift in Sources */ = {isa = PBXBuildFile; fileRef = 8E6B34A58A694FA421F11C00 /* HormoneChartView.swift */; };
		959CA95B0E6B0FC924697DEE /* Assets.xcassets in Resources */ = {isa = PBXBuildFile; fileRef = 86932D331AAA25CB182FCB41 /* Assets.xcassets */; };
		96797BB1154BAD605606F099 /* BrowseSupplementsSheet.swift in Sources */ = {isa = PBXBuildFile; fileRef = 1A93916862654D91E30A89DF /* BrowseSupplementsSheet.swift */; };
		99BB9690759978216DA7CB6A /* ProfileView.swift in Sources */ = {isa = PBXBuildFile; fileRef = 25F04F944466E14D5100AA8E /* ProfileView.swift */; };
		9E53A8392F1F0E0491C3B3E5 /* SACalloutView.swift in Sources */ = {isa = PBXBuildFile; fileRef = 5EE5877B9EDDD4CE4CD13E4E /* SACalloutView.swift */; };
		9F83E0BD2B0F5ED3DA69CB4A /* DMSerifDisplay-Regular.ttf in Resources */ = {isa = PBXBuildFile; fileRef = 088E5B747F884FC19A781A1F /* DMSerifDisplay-Regular.ttf */; };
		A4B1DEDBD4EEBC650EE03979 /* PhaseHeaderView.swift in Sources */ = {isa = PBXBuildFile; fileRef = ACA0D889653229CA26878820 /* PhaseHeaderView.swift */; };
		A5C11CBD7002971C23F562C4 /* HormoneData.swift in Sources */ = {isa = PBXBuildFile; fileRef = 42E06523D5B2AF57425FCB58 /* HormoneData.swift */; };
		A92DAD25FB6A93C925534217 /* DayDetailSheet.swift in Sources */ = {isa = PBXBuildFile; fileRef = 7F69E191E808584409354E6A /* DayDetailSheet.swift */; };
		AA45A91D2C4939EDA0C59B56 /* EditProfileView.swift in Sources */ = {isa = PBXBuildFile; fileRef = 3700E999B3E7421E7A63B688 /* EditProfileView.swift */; };
		AA90D64E7358C51BE360EBC5 /* MealDisplayable.swift in Sources */ = {isa = PBXBuildFile; fileRef = 7416CDDDF5BB8A424772E72B /* MealDisplayable.swift */; };
		AC6F2DF69BB78E1AEF682D31 /* PhaseHeroCard.swift in Sources */ = {isa = PBXBuildFile; fileRef = 413AFFB88F25D9A99E826CB8 /* PhaseHeroCard.swift */; };
		B2F48E498FA4918102E7E8E0 /* BBTLog.swift in Sources */ = {isa = PBXBuildFile; fileRef = B6DA2A80493D12F4EEF44B6D /* BBTLog.swift */; };
		B821DC990A74D351A4106E40 /* NamahTheme.swift in Sources */ = {isa = PBXBuildFile; fileRef = 3AC3702C70D1E407D0001AFE /* NamahTheme.swift */; };
		BB4E2A34433556CB5CC52937 /* SymptomPillSelector.swift in Sources */ = {isa = PBXBuildFile; fileRef = 8408AF99E858FBFBBD857E6E /* SymptomPillSelector.swift */; };
		BEF3AF9CCB48E2C5CB8AD985 /* UserItemHidden.swift in Sources */ = {isa = PBXBuildFile; fileRef = 93376BA4A9A4AD8B38E62408 /* UserItemHidden.swift */; };
		BF28381CA44968E92C6B8D4C /* UserPlanSelection.swift in Sources */ = {isa = PBXBuildFile; fileRef = 967B581E5FFA4396DCA99461 /* UserPlanSelection.swift */; };
		C3171CC81FF9CD2A155951C2 /* Completion.swift in Sources */ = {isa = PBXBuildFile; fileRef = 4E4EB1437564D16C45AF4C2C /* Completion.swift */; };
		C44A7517967587186959585B /* GroceryItem.swift in Sources */ = {isa = PBXBuildFile; fileRef = 095186FF8376AA32A7216280 /* GroceryItem.swift */; };
		C4BDF05079E35A23C0034C27 /* APIClient.swift in Sources */ = {isa = PBXBuildFile; fileRef = F6CAEF9024E04895D625C873 /* APIClient.swift */; };
		C8BAB807476C3FFA2B54D2D1 /* SexualActivityLog.swift in Sources */ = {isa = PBXBuildFile; fileRef = F7E3E192BA8ED1E5E91103B7 /* SexualActivityLog.swift */; };
		CB8B237ED8E61749185E5299 /* Supplement.swift in Sources */ = {isa = PBXBuildFile; fileRef = B01AE3BCBFBEF573AC5FFC88 /* Supplement.swift */; };
		CF12D9A71DC5F69035FF5F6B /* CycleLog.swift in Sources */ = {isa = PBXBuildFile; fileRef = 96AF006E3DAEE24FB6B6C291 /* CycleLog.swift */; };
		D193423B046A79DEE0FD2282 /* PhaseDetailView.swift in Sources */ = {isa = PBXBuildFile; fileRef = C1660B9765F081F06A8AF8E7 /* PhaseDetailView.swift */; };
		D1E9D12383E8E872FAE73F08 /* InsightsSheetView.swift in Sources */ = {isa = PBXBuildFile; fileRef = 6D8E2A2E24BC04686A649874 /* InsightsSheetView.swift */; };
		D98E5790B5437496E52B4CE7 /* InsightRowView.swift in Sources */ = {isa = PBXBuildFile; fileRef = 9BA1BC08BE8C23DF4CF5E6BE /* InsightRowView.swift */; };
		E01236801FB6406CDBC563D6 /* SyncChange.swift in Sources */ = {isa = PBXBuildFile; fileRef = 83ECE59DABD9991A8BBB57D6 /* SyncChange.swift */; };
		E36B88022BFA168328829CF0 /* LogSupplementSheet.swift in Sources */ = {isa = PBXBuildFile; fileRef = 8AADCEB2987B645FB01DF395 /* LogSupplementSheet.swift */; };
		E433CE378E806BF970D798F5 /* DMSerifDisplay-Italic.ttf in Resources */ = {isa = PBXBuildFile; fileRef = 94A537778367021851D9FB35 /* DMSerifDisplay-Italic.ttf */; };
		E7C07329818DD50382ECEEE5 /* LoginView.swift in Sources */ = {isa = PBXBuildFile; fileRef = EE3CE1738447313D7A3C38C2 /* LoginView.swift */; };
		EE2E0A4EC043873B85602A9D /* Meal.swift in Sources */ = {isa = PBXBuildFile; fileRef = 024E36BD82293C99A5D5521F /* Meal.swift */; };
		EF249BB1AA9B14DE1017F1B2 /* TimeBlockSectionView.swift in Sources */ = {isa = PBXBuildFile; fileRef = AB2E8B0A6BB95CD0F269C551 /* TimeBlockSectionView.swift */; };
		EF6F50A03227B53BCFDC8B5D /* NotificationService.swift in Sources */ = {isa = PBXBuildFile; fileRef = 5A93EB61FC0DD0B17E78D69A /* NotificationService.swift */; };
		F236CCF3E6EDDCAE9D06376C /* MealPlanView.swift in Sources */ = {isa = PBXBuildFile; fileRef = 78456B0314BF404BED05D0EA /* MealPlanView.swift */; };
		F4A199749635B750596064B2 /* TimeBlockServiceTests.swift in Sources */ = {isa = PBXBuildFile; fileRef = 69D7EBB442896C4ACE42FC67 /* TimeBlockServiceTests.swift */; };
		F50EFC46E176783032A5E28D /* NamahWellnessApp.swift in Sources */ = {isa = PBXBuildFile; fileRef = 67F449FF1BC04FAF0C6662EA /* NamahWellnessApp.swift */; };
		F5AFCA007D8AF722786F48B2 /* NutrientSheetView.swift in Sources */ = {isa = PBXBuildFile; fileRef = C2EFD4D79BBC498CE6682160 /* NutrientSheetView.swift */; };
		F772722EDD21D966F7EE58CE /* UserPlanItem.swift in Sources */ = {isa = PBXBuildFile; fileRef = 6889915F677D9CEB8DCA115D /* UserPlanItem.swift */; };
		FA06C900193CB20E0E208F41 /* GroceryListView.swift in Sources */ = {isa = PBXBuildFile; fileRef = EFAE8910B36D5AB05B641B60 /* GroceryListView.swift */; };
		FA516638BF0D8245EA5622A1 /* NamahEmoji.swift in Sources */ = {isa = PBXBuildFile; fileRef = 494C7A7E9A3AF7C3BDF8937D /* NamahEmoji.swift */; };
/* End PBXBuildFile section */

/* Begin PBXContainerItemProxy section */
		9599269524084714CC572978 /* PBXContainerItemProxy */ = {
			isa = PBXContainerItemProxy;
			containerPortal = 26A4E7B0AA8AFC2972B547AA /* Project object */;
			proxyType = 1;
			remoteGlobalIDString = AD68A0F7B0C883EF402CA4C6;
			remoteInfo = NamahWellness;
		};
/* End PBXContainerItemProxy section */

/* Begin PBXFileReference section */
		00B382B007CE7D900F6D6295 /* DailySchedule.swift */ = {isa = PBXFileReference; lastKnownFileType = sourcecode.swift; path = DailySchedule.swift; sourceTree = "<group>"; };
		024E36BD82293C99A5D5521F /* Meal.swift */ = {isa = PBXFileReference; lastKnownFileType = sourcecode.swift; path = Meal.swift; sourceTree = "<group>"; };
		088E5B747F884FC19A781A1F /* DMSerifDisplay-Regular.ttf */ = {isa = PBXFileReference; lastKnownFileType = file; path = "DMSerifDisplay-Regular.ttf"; sourceTree = "<group>"; };
		095186FF8376AA32A7216280 /* GroceryItem.swift */ = {isa = PBXFileReference; lastKnownFileType = sourcecode.swift; path = GroceryItem.swift; sourceTree = "<group>"; };
		0A5D909D0CE0E5948C5B7B30 /* HormonesView.swift */ = {isa = PBXFileReference; lastKnownFileType = sourcecode.swift; path = HormonesView.swift; sourceTree = "<group>"; };
		0F2923570EC72BD28B4A99C9 /* LogPeriodSheet.swift */ = {isa = PBXFileReference; lastKnownFileType = sourcecode.swift; path = LogPeriodSheet.swift; sourceTree = "<group>"; };
		1285963692ECE549381BD855 /* PlusJakartaSans-Italic-Variable.ttf */ = {isa = PBXFileReference; lastKnownFileType = file; path = "PlusJakartaSans-Italic-Variable.ttf"; sourceTree = "<group>"; };
		139601881931CFC6FF7B74E1 /* PlanView.swift */ = {isa = PBXFileReference; lastKnownFileType = sourcecode.swift; path = PlanView.swift; sourceTree = "<group>"; };
		17E7E01954CF02077FD85B1D /* UserProfile.swift */ = {isa = PBXFileReference; lastKnownFileType = sourcecode.swift; path = UserProfile.swift; sourceTree = "<group>"; };
		199440C62E1016C84A8ADDB6 /* MacroSummaryBar.swift */ = {isa = PBXFileReference; lastKnownFileType = sourcecode.swift; path = MacroSummaryBar.swift; sourceTree = "<group>"; };
		1A93916862654D91E30A89DF /* BrowseSupplementsSheet.swift */ = {isa = PBXFileReference; lastKnownFileType = sourcecode.swift; path = BrowseSupplementsSheet.swift; sourceTree = "<group>"; };
		1DAAFFB2FDB7137CD4420838 /* TodayView.swift */ = {isa = PBXFileReference; lastKnownFileType = sourcecode.swift; path = TodayView.swift; sourceTree = "<group>"; };
		25F04F944466E14D5100AA8E /* ProfileView.swift */ = {isa = PBXFileReference; lastKnownFileType = sourcecode.swift; path = ProfileView.swift; sourceTree = "<group>"; };
		2C46161AE72FE60368EE4CC1 /* TimeBlockProgressBar.swift */ = {isa = PBXFileReference; lastKnownFileType = sourcecode.swift; path = TimeBlockProgressBar.swift; sourceTree = "<group>"; };
		2FE4C3B20CAD4C839C99EDF0 /* MealCardContent.swift */ = {isa = PBXFileReference; lastKnownFileType = sourcecode.swift; path = MealCardContent.swift; sourceTree = "<group>"; };
		3700E999B3E7421E7A63B688 /* EditProfileView.swift */ = {isa = PBXFileReference; lastKnownFileType = sourcecode.swift; path = EditProfileView.swift; sourceTree = "<group>"; };
		3887E5AE582DF244E341C951 /* CycleService.swift */ = {isa = PBXFileReference; lastKnownFileType = sourcecode.swift; path = CycleService.swift; sourceTree = "<group>"; };
		3AC3702C70D1E407D0001AFE /* NamahTheme.swift */ = {isa = PBXFileReference; lastKnownFileType = sourcecode.swift; path = NamahTheme.swift; sourceTree = "<group>"; };
		413AFFB88F25D9A99E826CB8 /* PhaseHeroCard.swift */ = {isa = PBXFileReference; lastKnownFileType = sourcecode.swift; path = PhaseHeroCard.swift; sourceTree = "<group>"; };
		42E06523D5B2AF57425FCB58 /* HormoneData.swift */ = {isa = PBXFileReference; lastKnownFileType = sourcecode.swift; path = HormoneData.swift; sourceTree = "<group>"; };
		47AE4ABD64FD5A970924AF9F /* Ingredient.swift */ = {isa = PBXFileReference; lastKnownFileType = sourcecode.swift; path = Ingredient.swift; sourceTree = "<group>"; };
		494C7A7E9A3AF7C3BDF8937D /* NamahEmoji.swift */ = {isa = PBXFileReference; lastKnownFileType = sourcecode.swift; path = NamahEmoji.swift; sourceTree = "<group>"; };
		4AF49201192E92E47B9AA71C /* AddCustomSupplementView.swift */ = {isa = PBXFileReference; lastKnownFileType = sourcecode.swift; path = AddCustomSupplementView.swift; sourceTree = "<group>"; };
		4E4EB1437564D16C45AF4C2C /* Completion.swift */ = {isa = PBXFileReference; lastKnownFileType = sourcecode.swift; path = Completion.swift; sourceTree = "<group>"; };
		55559112F1FA8F997EDBD43C /* CalendarService.swift */ = {isa = PBXFileReference; lastKnownFileType = sourcecode.swift; path = CalendarService.swift; sourceTree = "<group>"; };
		55B6100F523885E7AA5478CE /* ETBookOT-Italic.otf */ = {isa = PBXFileReference; lastKnownFileType = file; path = "ETBookOT-Italic.otf"; sourceTree = "<group>"; };
		59244F900B473FF2696C7013 /* AddPlanItemSheet.swift */ = {isa = PBXFileReference; lastKnownFileType = sourcecode.swift; path = AddPlanItemSheet.swift; sourceTree = "<group>"; };
		5A93EB61FC0DD0B17E78D69A /* NotificationService.swift */ = {isa = PBXFileReference; lastKnownFileType = sourcecode.swift; path = NotificationService.swift; sourceTree = "<group>"; };
		5EE5877B9EDDD4CE4CD13E4E /* SACalloutView.swift */ = {isa = PBXFileReference; lastKnownFileType = sourcecode.swift; path = SACalloutView.swift; sourceTree = "<group>"; };
		62EC3D42C8A5F785258C6136 /* Phase.swift */ = {isa = PBXFileReference; lastKnownFileType = sourcecode.swift; path = Phase.swift; sourceTree = "<group>"; };
		6468211DDF034E468B78C474 /* ProfileCardView.swift */ = {isa = PBXFileReference; lastKnownFileType = sourcecode.swift; path = ProfileCardView.swift; sourceTree = "<group>"; };
		67F449FF1BC04FAF0C6662EA /* NamahWellnessApp.swift */ = {isa = PBXFileReference; lastKnownFileType = sourcecode.swift; path = NamahWellnessApp.swift; sourceTree = "<group>"; };
		6889915F677D9CEB8DCA115D /* UserPlanItem.swift */ = {isa = PBXFileReference; lastKnownFileType = sourcecode.swift; path = UserPlanItem.swift; sourceTree = "<group>"; };
		69D7EBB442896C4ACE42FC67 /* TimeBlockServiceTests.swift */ = {isa = PBXFileReference; lastKnownFileType = sourcecode.swift; path = TimeBlockServiceTests.swift; sourceTree = "<group>"; };
		6BF3C67B2A132ED0E032E4A8 /* NourishView.swift */ = {isa = PBXFileReference; lastKnownFileType = sourcecode.swift; path = NourishView.swift; sourceTree = "<group>"; };
		6C544C395C70100B78E0BBEB /* NamahCopy.swift */ = {isa = PBXFileReference; lastKnownFileType = sourcecode.swift; path = NamahCopy.swift; sourceTree = "<group>"; };
		6CACFC950E11B9CFBC046464 /* CycleServiceTests.swift */ = {isa = PBXFileReference; lastKnownFileType = sourcecode.swift; path = CycleServiceTests.swift; sourceTree = "<group>"; };
		6CF0DC66C421BE29309B9DD3 /* TimeParser.swift */ = {isa = PBXFileReference; lastKnownFileType = sourcecode.swift; path = TimeParser.swift; sourceTree = "<group>"; };
		6D8E2A2E24BC04686A649874 /* InsightsSheetView.swift */ = {isa = PBXFileReference; lastKnownFileType = sourcecode.swift; path = InsightsSheetView.swift; sourceTree = "<group>"; };
		71FBF2EF588DEFD729D49296 /* SexualActivityLogTests.swift */ = {isa = PBXFileReference; lastKnownFileType = sourcecode.swift; path = SexualActivityLogTests.swift; sourceTree = "<group>"; };
		7245C7AA1D424F2BBA5DC4AE /* AuthService.swift */ = {isa = PBXFileReference; lastKnownFileType = sourcecode.swift; path = AuthService.swift; sourceTree = "<group>"; };
		7416CDDDF5BB8A424772E72B /* MealDisplayable.swift */ = {isa = PBXFileReference; lastKnownFileType = sourcecode.swift; path = MealDisplayable.swift; sourceTree = "<group>"; };
		74614E34083D59F3BD2F06CD /* MealCardView.swift */ = {isa = PBXFileReference; lastKnownFileType = sourcecode.swift; path = MealCardView.swift; sourceTree = "<group>"; };
		78456B0314BF404BED05D0EA /* MealPlanView.swift */ = {isa = PBXFileReference; lastKnownFileType = sourcecode.swift; path = MealPlanView.swift; sourceTree = "<group>"; };
		79F45B46DC6CFDA59430B339 /* Workout.swift */ = {isa = PBXFileReference; lastKnownFileType = sourcecode.swift; path = Workout.swift; sourceTree = "<group>"; };
		7F63DDFE165B5700E134096C /* PlusJakartaSans-Variable.ttf */ = {isa = PBXFileReference; lastKnownFileType = file; path = "PlusJakartaSans-Variable.ttf"; sourceTree = "<group>"; };
		7F69E191E808584409354E6A /* DayDetailSheet.swift */ = {isa = PBXFileReference; lastKnownFileType = sourcecode.swift; path = DayDetailSheet.swift; sourceTree = "<group>"; };
		83ECE59DABD9991A8BBB57D6 /* SyncChange.swift */ = {isa = PBXFileReference; lastKnownFileType = sourcecode.swift; path = SyncChange.swift; sourceTree = "<group>"; };
		8408AF99E858FBFBBD857E6E /* SymptomPillSelector.swift */ = {isa = PBXFileReference; lastKnownFileType = sourcecode.swift; path = SymptomPillSelector.swift; sourceTree = "<group>"; };
		86932D331AAA25CB182FCB41 /* Assets.xcassets */ = {isa = PBXFileReference; lastKnownFileType = folder.assetcatalog; path = Assets.xcassets; sourceTree = "<group>"; };
		8927E550B02C19E21D612E12 /* ETBookOT-Bold.otf */ = {isa = PBXFileReference; lastKnownFileType = file; path = "ETBookOT-Bold.otf"; sourceTree = "<group>"; };
		8941E67CD7A072776F528BDF /* NamahWellnessTests.xctest */ = {isa = PBXFileReference; includeInIndex = 0; lastKnownFileType = wrapper.cfbundle; path = NamahWellnessTests.xctest; sourceTree = BUILT_PRODUCTS_DIR; };
		8AADCEB2987B645FB01DF395 /* LogSupplementSheet.swift */ = {isa = PBXFileReference; lastKnownFileType = sourcecode.swift; path = LogSupplementSheet.swift; sourceTree = "<group>"; };
		8D534EBA3E8B9917DF250DF0 /* PhaseShapes.swift */ = {isa = PBXFileReference; lastKnownFileType = sourcecode.swift; path = PhaseShapes.swift; sourceTree = "<group>"; };
		8E1C5125977D07DE7E35DCE9 /* ContentView.swift */ = {isa = PBXFileReference; lastKnownFileType = sourcecode.swift; path = ContentView.swift; sourceTree = "<group>"; };
		8E6B34A58A694FA421F11C00 /* HormoneChartView.swift */ = {isa = PBXFileReference; lastKnownFileType = sourcecode.swift; path = HormoneChartView.swift; sourceTree = "<group>"; };
		9035829E579722DBE6A5FF07 /* Info.plist */ = {isa = PBXFileReference; lastKnownFileType = text.plist; path = Info.plist; sourceTree = "<group>"; };
		91CB63F1639B1A1C605D6777 /* RecipeIngredient.swift */ = {isa = PBXFileReference; lastKnownFileType = sourcecode.swift; path = RecipeIngredient.swift; sourceTree = "<group>"; };
		93376BA4A9A4AD8B38E62408 /* UserItemHidden.swift */ = {isa = PBXFileReference; lastKnownFileType = sourcecode.swift; path = UserItemHidden.swift; sourceTree = "<group>"; };
		94A537778367021851D9FB35 /* DMSerifDisplay-Italic.ttf */ = {isa = PBXFileReference; lastKnownFileType = file; path = "DMSerifDisplay-Italic.ttf"; sourceTree = "<group>"; };
		967B581E5FFA4396DCA99461 /* UserPlanSelection.swift */ = {isa = PBXFileReference; lastKnownFileType = sourcecode.swift; path = UserPlanSelection.swift; sourceTree = "<group>"; };
		96AF006E3DAEE24FB6B6C291 /* CycleLog.swift */ = {isa = PBXFileReference; lastKnownFileType = sourcecode.swift; path = CycleLog.swift; sourceTree = "<group>"; };
		9BA1BC08BE8C23DF4CF5E6BE /* InsightRowView.swift */ = {isa = PBXFileReference; lastKnownFileType = sourcecode.swift; path = InsightRowView.swift; sourceTree = "<group>"; };
		A179EE9B4D61732EBEBB66FE /* NamahWellness.app */ = {isa = PBXFileReference; includeInIndex = 0; lastKnownFileType = wrapper.application; path = NamahWellness.app; sourceTree = BUILT_PRODUCTS_DIR; };
		A8B1149912C3E0EFBC9E4C63 /* MealDetailView.swift */ = {isa = PBXFileReference; lastKnownFileType = sourcecode.swift; path = MealDetailView.swift; sourceTree = "<group>"; };
		A8F86A21EEB0120BF2449333 /* PlanTemplate.swift */ = {isa = PBXFileReference; lastKnownFileType = sourcecode.swift; path = PlanTemplate.swift; sourceTree = "<group>"; };
		AB2E8B0A6BB95CD0F269C551 /* TimeBlockSectionView.swift */ = {isa = PBXFileReference; lastKnownFileType = sourcecode.swift; path = TimeBlockSectionView.swift; sourceTree = "<group>"; };
		AC4AAE86FA314900B25D24A5 /* SwipeActionWrapper.swift */ = {isa = PBXFileReference; lastKnownFileType = sourcecode.swift; path = SwipeActionWrapper.swift; sourceTree = "<group>"; };
		ACA0D889653229CA26878820 /* PhaseHeaderView.swift */ = {isa = PBXFileReference; lastKnownFileType = sourcecode.swift; path = PhaseHeaderView.swift; sourceTree = "<group>"; };
		ACE2279ADDF428CBE8E2C7CC /* MyCycleView.swift */ = {isa = PBXFileReference; lastKnownFileType = sourcecode.swift; path = MyCycleView.swift; sourceTree = "<group>"; };
		AEE6E78E3C834863E28CB867 /* ETBookOT-Roman.otf */ = {isa = PBXFileReference; lastKnownFileType = file; path = "ETBookOT-Roman.otf"; sourceTree = "<group>"; };
		B01AE3BCBFBEF573AC5FFC88 /* Supplement.swift */ = {isa = PBXFileReference; lastKnownFileType = sourcecode.swift; path = Supplement.swift; sourceTree = "<group>"; };
		B233D18437DE7FE9143139FA /* APITypes.swift */ = {isa = PBXFileReference; lastKnownFileType = sourcecode.swift; path = APITypes.swift; sourceTree = "<group>"; };
		B6DA2A80493D12F4EEF44B6D /* BBTLog.swift */ = {isa = PBXFileReference; lastKnownFileType = sourcecode.swift; path = BBTLog.swift; sourceTree = "<group>"; };
		B9CCEC4BE85D32ECADC442DF /* KeychainHelper.swift */ = {isa = PBXFileReference; lastKnownFileType = sourcecode.swift; path = KeychainHelper.swift; sourceTree = "<group>"; };
		C1660B9765F081F06A8AF8E7 /* PhaseDetailView.swift */ = {isa = PBXFileReference; lastKnownFileType = sourcecode.swift; path = PhaseDetailView.swift; sourceTree = "<group>"; };
		C2EFD4D79BBC498CE6682160 /* NutrientSheetView.swift */ = {isa = PBXFileReference; lastKnownFileType = sourcecode.swift; path = NutrientSheetView.swift; sourceTree = "<group>"; };
		C3031E31DC0C2CCA190E266F /* BBTLogTests.swift */ = {isa = PBXFileReference; lastKnownFileType = sourcecode.swift; path = BBTLogTests.swift; sourceTree = "<group>"; };
		C7082DA48A20FFBF7846C3A3 /* DailyScheduleTemplateSheet.swift */ = {isa = PBXFileReference; lastKnownFileType = sourcecode.swift; path = DailyScheduleTemplateSheet.swift; sourceTree = "<group>"; };
		CC3748EF0F2C2C5FD21C8A2B /* WorkoutDetailView.swift */ = {isa = PBXFileReference; lastKnownFileType = sourcecode.swift; path = WorkoutDetailView.swift; sourceTree = "<group>"; };
		D113899BC720CFB56EE6666C /* PlanSupplementsView.swift */ = {isa = PBXFileReference; lastKnownFileType = sourcecode.swift; path = PlanSupplementsView.swift; sourceTree = "<group>"; };
		D3B892F182887563667F5B94 /* LearnView.swift */ = {isa = PBXFileReference; lastKnownFileType = sourcecode.swift; path = LearnView.swift; sourceTree = "<group>"; };
		D7529A3B3DADEE6EF5026B0E /* CycleLogManager.swift */ = {isa = PBXFileReference; lastKnownFileType = sourcecode.swift; path = CycleLogManager.swift; sourceTree = "<group>"; };
		DF90EF9AB5D621D4DEA96727 /* MoveView.swift */ = {isa = PBXFileReference; lastKnownFileType = sourcecode.swift; path = MoveView.swift; sourceTree = "<group>"; };
		E78C4B608FA7C85FF07BBBD0 /* PlanResolver.swift */ = {isa = PBXFileReference; lastKnownFileType = sourcecode.swift; path = PlanResolver.swift; sourceTree = "<group>"; };
		E993A1D3841D81A84CE42EA0 /* PlanItemLog.swift */ = {isa = PBXFileReference; lastKnownFileType = sourcecode.swift; path = PlanItemLog.swift; sourceTree = "<group>"; };
		EE3CE1738447313D7A3C38C2 /* LoginView.swift */ = {isa = PBXFileReference; lastKnownFileType = sourcecode.swift; path = LoginView.swift; sourceTree = "<group>"; };
		EE970A9A8FCC967A88730894 /* FlowLayout.swift */ = {isa = PBXFileReference; lastKnownFileType = sourcecode.swift; path = FlowLayout.swift; sourceTree = "<group>"; };
		EE9C894AE304C8DB2994167E /* TimeParserTests.swift */ = {isa = PBXFileReference; lastKnownFileType = sourcecode.swift; path = TimeParserTests.swift; sourceTree = "<group>"; };
		EFAE8910B36D5AB05B641B60 /* GroceryListView.swift */ = {isa = PBXFileReference; lastKnownFileType = sourcecode.swift; path = GroceryListView.swift; sourceTree = "<group>"; };
		F6CAEF9024E04895D625C873 /* APIClient.swift */ = {isa = PBXFileReference; lastKnownFileType = sourcecode.swift; path = APIClient.swift; sourceTree = "<group>"; };
		F7E3E192BA8ED1E5E91103B7 /* SexualActivityLog.swift */ = {isa = PBXFileReference; lastKnownFileType = sourcecode.swift; path = SexualActivityLog.swift; sourceTree = "<group>"; };
		F84D838A60B19FC4A03859BF /* SyncService.swift */ = {isa = PBXFileReference; lastKnownFileType = sourcecode.swift; path = SyncService.swift; sourceTree = "<group>"; };
		FAFADF0C35BAC7F00FF550DE /* BBTChartView.swift */ = {isa = PBXFileReference; lastKnownFileType = sourcecode.swift; path = BBTChartView.swift; sourceTree = "<group>"; };
		FB82FB36EC36F79E61AED6E9 /* EvidenceBadge.swift */ = {isa = PBXFileReference; lastKnownFileType = sourcecode.swift; path = EvidenceBadge.swift; sourceTree = "<group>"; };
		FC809F47B0D06CD2891BC0E3 /* SymptomLog.swift */ = {isa = PBXFileReference; lastKnownFileType = sourcecode.swift; path = SymptomLog.swift; sourceTree = "<group>"; };
		FD8A6B06B0A8FFC7F16DE4E6 /* TimeBlockService.swift */ = {isa = PBXFileReference; lastKnownFileType = sourcecode.swift; path = TimeBlockService.swift; sourceTree = "<group>"; };
/* End PBXFileReference section */

/* Begin PBXGroup section */
		06AE215241DAECB585C68BA0 /* Calendar */ = {
			isa = PBXGroup;
			children = (
			);
			path = Calendar;
			sourceTree = "<group>";
		};
		1826F45657D66DA0C5B1117E = {
			isa = PBXGroup;
			children = (
				1B8712C70B919D22CDD2283C /* NamahWellness */,
				83044CD4AD2D79B2FA7BE320 /* NamahWellnessTests */,
				AF2AF15A14AFAEE5948EB8D3 /* Products */,
			);
			sourceTree = "<group>";
		};
		19382C9C8F964F33D20A6B36 /* Components */ = {
			isa = PBXGroup;
			children = (
				4AF49201192E92E47B9AA71C /* AddCustomSupplementView.swift */,
				FB82FB36EC36F79E61AED6E9 /* EvidenceBadge.swift */,
				EE970A9A8FCC967A88730894 /* FlowLayout.swift */,
				9BA1BC08BE8C23DF4CF5E6BE /* InsightRowView.swift */,
				0F2923570EC72BD28B4A99C9 /* LogPeriodSheet.swift */,
				199440C62E1016C84A8ADDB6 /* MacroSummaryBar.swift */,
				2FE4C3B20CAD4C839C99EDF0 /* MealCardContent.swift */,
				74614E34083D59F3BD2F06CD /* MealCardView.swift */,
				ACA0D889653229CA26878820 /* PhaseHeaderView.swift */,
				413AFFB88F25D9A99E826CB8 /* PhaseHeroCard.swift */,
				6468211DDF034E468B78C474 /* ProfileCardView.swift */,
				5EE5877B9EDDD4CE4CD13E4E /* SACalloutView.swift */,
				AC4AAE86FA314900B25D24A5 /* SwipeActionWrapper.swift */,
				8408AF99E858FBFBBD857E6E /* SymptomPillSelector.swift */,
				2C46161AE72FE60368EE4CC1 /* TimeBlockProgressBar.swift */,
				AB2E8B0A6BB95CD0F269C551 /* TimeBlockSectionView.swift */,
			);
			path = Components;
			sourceTree = "<group>";
		};
		1B8712C70B919D22CDD2283C /* NamahWellness */ = {
			isa = PBXGroup;
			children = (
				46D129754A89F7D733B2F260 /* App */,
				7E5E3CD4EA7E2883DC7B1DB6 /* Models */,
				59D04E0B6F1F9B6E247ADBDD /* Resources */,
				8AC2CEE012D10282E5990537 /* Services */,
				E49633FE9B6146FC74CD2379 /* Theme */,
				426A3639C22FD4227478EB55 /* Views */,
			);
			path = NamahWellness;
			sourceTree = "<group>";
		};
		2FC2334A6B68D7492B28C3EB /* Nutrition */ = {
			isa = PBXGroup;
			children = (
				EFAE8910B36D5AB05B641B60 /* GroceryListView.swift */,
			);
			path = Nutrition;
			sourceTree = "<group>";
		};
		36637787C49A0D0E5A63CBE7 /* Profile */ = {
			isa = PBXGroup;
			children = (
				3700E999B3E7421E7A63B688 /* EditProfileView.swift */,
				25F04F944466E14D5100AA8E /* ProfileView.swift */,
			);
			path = Profile;
			sourceTree = "<group>";
		};
		426A3639C22FD4227478EB55 /* Views */ = {
			isa = PBXGroup;
			children = (
				DD2C7DB7753F3148E0D86BBF /* Auth */,
				06AE215241DAECB585C68BA0 /* Calendar */,
				19382C9C8F964F33D20A6B36 /* Components */,
				7935DB5EA6EE225369C441B5 /* Exercise */,
				FA0CF78D68433BF0FB7C1FB7 /* Hormones */,
				CC7E7878335558F8E63FD0C8 /* Learn */,
				68D78137D9DBC686294485CA /* MyCycle */,
				2FC2334A6B68D7492B28C3EB /* Nutrition */,
				A0914458A1C96D8112212571 /* Phase */,
				DDD1B985CF9E827C89B14DA4 /* Plan */,
				36637787C49A0D0E5A63CBE7 /* Profile */,
				D07F56AE04646B88C439B855 /* Today */,
			);
			path = Views;
			sourceTree = "<group>";
		};
		46D129754A89F7D733B2F260 /* App */ = {
			isa = PBXGroup;
			children = (
				8E1C5125977D07DE7E35DCE9 /* ContentView.swift */,
				67F449FF1BC04FAF0C6662EA /* NamahWellnessApp.swift */,
			);
			path = App;
			sourceTree = "<group>";
		};
		59D04E0B6F1F9B6E247ADBDD /* Resources */ = {
			isa = PBXGroup;
			children = (
				86932D331AAA25CB182FCB41 /* Assets.xcassets */,
				9035829E579722DBE6A5FF07 /* Info.plist */,
				DAFE80B094660387DB458931 /* Fonts */,
			);
			path = Resources;
			sourceTree = "<group>";
		};
		68D78137D9DBC686294485CA /* MyCycle */ = {
			isa = PBXGroup;
			children = (
				FAFADF0C35BAC7F00FF550DE /* BBTChartView.swift */,
				7F69E191E808584409354E6A /* DayDetailSheet.swift */,
				ACE2279ADDF428CBE8E2C7CC /* MyCycleView.swift */,
			);
			path = MyCycle;
			sourceTree = "<group>";
		};
		7935DB5EA6EE225369C441B5 /* Exercise */ = {
			isa = PBXGroup;
			children = (
			);
			path = Exercise;
			sourceTree = "<group>";
		};
		7E5E3CD4EA7E2883DC7B1DB6 /* Models */ = {
			isa = PBXGroup;
			children = (
				B6DA2A80493D12F4EEF44B6D /* BBTLog.swift */,
				4E4EB1437564D16C45AF4C2C /* Completion.swift */,
				96AF006E3DAEE24FB6B6C291 /* CycleLog.swift */,
				00B382B007CE7D900F6D6295 /* DailySchedule.swift */,
				095186FF8376AA32A7216280 /* GroceryItem.swift */,
				47AE4ABD64FD5A970924AF9F /* Ingredient.swift */,
				024E36BD82293C99A5D5521F /* Meal.swift */,
				7416CDDDF5BB8A424772E72B /* MealDisplayable.swift */,
				62EC3D42C8A5F785258C6136 /* Phase.swift */,
				E993A1D3841D81A84CE42EA0 /* PlanItemLog.swift */,
				A8F86A21EEB0120BF2449333 /* PlanTemplate.swift */,
				91CB63F1639B1A1C605D6777 /* RecipeIngredient.swift */,
				F7E3E192BA8ED1E5E91103B7 /* SexualActivityLog.swift */,
				B01AE3BCBFBEF573AC5FFC88 /* Supplement.swift */,
				FC809F47B0D06CD2891BC0E3 /* SymptomLog.swift */,
				83ECE59DABD9991A8BBB57D6 /* SyncChange.swift */,
				93376BA4A9A4AD8B38E62408 /* UserItemHidden.swift */,
				6889915F677D9CEB8DCA115D /* UserPlanItem.swift */,
				967B581E5FFA4396DCA99461 /* UserPlanSelection.swift */,
				17E7E01954CF02077FD85B1D /* UserProfile.swift */,
				79F45B46DC6CFDA59430B339 /* Workout.swift */,
			);
			path = Models;
			sourceTree = "<group>";
		};
		83044CD4AD2D79B2FA7BE320 /* NamahWellnessTests */ = {
			isa = PBXGroup;
			children = (
				C3031E31DC0C2CCA190E266F /* BBTLogTests.swift */,
				6CACFC950E11B9CFBC046464 /* CycleServiceTests.swift */,
				71FBF2EF588DEFD729D49296 /* SexualActivityLogTests.swift */,
				69D7EBB442896C4ACE42FC67 /* TimeBlockServiceTests.swift */,
				EE9C894AE304C8DB2994167E /* TimeParserTests.swift */,
			);
			path = NamahWellnessTests;
			sourceTree = "<group>";
		};
		8AC2CEE012D10282E5990537 /* Services */ = {
			isa = PBXGroup;
			children = (
				F6CAEF9024E04895D625C873 /* APIClient.swift */,
				B233D18437DE7FE9143139FA /* APITypes.swift */,
				7245C7AA1D424F2BBA5DC4AE /* AuthService.swift */,
				55559112F1FA8F997EDBD43C /* CalendarService.swift */,
				D7529A3B3DADEE6EF5026B0E /* CycleLogManager.swift */,
				3887E5AE582DF244E341C951 /* CycleService.swift */,
				42E06523D5B2AF57425FCB58 /* HormoneData.swift */,
				B9CCEC4BE85D32ECADC442DF /* KeychainHelper.swift */,
				5A93EB61FC0DD0B17E78D69A /* NotificationService.swift */,
				E78C4B608FA7C85FF07BBBD0 /* PlanResolver.swift */,
				F84D838A60B19FC4A03859BF /* SyncService.swift */,
				FD8A6B06B0A8FFC7F16DE4E6 /* TimeBlockService.swift */,
				6CF0DC66C421BE29309B9DD3 /* TimeParser.swift */,
			);
			path = Services;
			sourceTree = "<group>";
		};
		A0914458A1C96D8112212571 /* Phase */ = {
			isa = PBXGroup;
			children = (
			);
			path = Phase;
			sourceTree = "<group>";
		};
		AF2AF15A14AFAEE5948EB8D3 /* Products */ = {
			isa = PBXGroup;
			children = (
				A179EE9B4D61732EBEBB66FE /* NamahWellness.app */,
				8941E67CD7A072776F528BDF /* NamahWellnessTests.xctest */,
			);
			name = Products;
			sourceTree = "<group>";
		};
		CC7E7878335558F8E63FD0C8 /* Learn */ = {
			isa = PBXGroup;
			children = (
				D3B892F182887563667F5B94 /* LearnView.swift */,
				C1660B9765F081F06A8AF8E7 /* PhaseDetailView.swift */,
			);
			path = Learn;
			sourceTree = "<group>";
		};
		D07F56AE04646B88C439B855 /* Today */ = {
			isa = PBXGroup;
			children = (
				8AADCEB2987B645FB01DF395 /* LogSupplementSheet.swift */,
				1DAAFFB2FDB7137CD4420838 /* TodayView.swift */,
				CC3748EF0F2C2C5FD21C8A2B /* WorkoutDetailView.swift */,
			);
			path = Today;
			sourceTree = "<group>";
		};
		DAFE80B094660387DB458931 /* Fonts */ = {
			isa = PBXGroup;
			children = (
				94A537778367021851D9FB35 /* DMSerifDisplay-Italic.ttf */,
				088E5B747F884FC19A781A1F /* DMSerifDisplay-Regular.ttf */,
				8927E550B02C19E21D612E12 /* ETBookOT-Bold.otf */,
				55B6100F523885E7AA5478CE /* ETBookOT-Italic.otf */,
				AEE6E78E3C834863E28CB867 /* ETBookOT-Roman.otf */,
				1285963692ECE549381BD855 /* PlusJakartaSans-Italic-Variable.ttf */,
				7F63DDFE165B5700E134096C /* PlusJakartaSans-Variable.ttf */,
			);
			path = Fonts;
			sourceTree = "<group>";
		};
		DD2C7DB7753F3148E0D86BBF /* Auth */ = {
			isa = PBXGroup;
			children = (
				EE3CE1738447313D7A3C38C2 /* LoginView.swift */,
			);
			path = Auth;
			sourceTree = "<group>";
		};
		DDD1B985CF9E827C89B14DA4 /* Plan */ = {
			isa = PBXGroup;
			children = (
				59244F900B473FF2696C7013 /* AddPlanItemSheet.swift */,
				1A93916862654D91E30A89DF /* BrowseSupplementsSheet.swift */,
				C7082DA48A20FFBF7846C3A3 /* DailyScheduleTemplateSheet.swift */,
				6D8E2A2E24BC04686A649874 /* InsightsSheetView.swift */,
				A8B1149912C3E0EFBC9E4C63 /* MealDetailView.swift */,
				78456B0314BF404BED05D0EA /* MealPlanView.swift */,
				DF90EF9AB5D621D4DEA96727 /* MoveView.swift */,
				6BF3C67B2A132ED0E032E4A8 /* NourishView.swift */,
				C2EFD4D79BBC498CE6682160 /* NutrientSheetView.swift */,
				D113899BC720CFB56EE6666C /* PlanSupplementsView.swift */,
				139601881931CFC6FF7B74E1 /* PlanView.swift */,
			);
			path = Plan;
			sourceTree = "<group>";
		};
		E49633FE9B6146FC74CD2379 /* Theme */ = {
			isa = PBXGroup;
			children = (
				6C544C395C70100B78E0BBEB /* NamahCopy.swift */,
				494C7A7E9A3AF7C3BDF8937D /* NamahEmoji.swift */,
				3AC3702C70D1E407D0001AFE /* NamahTheme.swift */,
				8D534EBA3E8B9917DF250DF0 /* PhaseShapes.swift */,
			);
			path = Theme;
			sourceTree = "<group>";
		};
		FA0CF78D68433BF0FB7C1FB7 /* Hormones */ = {
			isa = PBXGroup;
			children = (
				8E6B34A58A694FA421F11C00 /* HormoneChartView.swift */,
				0A5D909D0CE0E5948C5B7B30 /* HormonesView.swift */,
			);
			path = Hormones;
			sourceTree = "<group>";
		};
/* End PBXGroup section */

/* Begin PBXNativeTarget section */
		67C036D8AF65DF00D25F95E4 /* NamahWellnessTests */ = {
			isa = PBXNativeTarget;
			buildConfigurationList = F8AFDA3B854F6416E665339E /* Build configuration list for PBXNativeTarget "NamahWellnessTests" */;
			buildPhases = (
				9FC58978E1510D79B576F184 /* Sources */,
			);
			buildRules = (
			);
			dependencies = (
				B4B02095ACFFC0AE450231C9 /* PBXTargetDependency */,
			);
			name = NamahWellnessTests;
			packageProductDependencies = (
			);
			productName = NamahWellnessTests;
			productReference = 8941E67CD7A072776F528BDF /* NamahWellnessTests.xctest */;
			productType = "com.apple.product-type.bundle.unit-test";
		};
		AD68A0F7B0C883EF402CA4C6 /* NamahWellness */ = {
			isa = PBXNativeTarget;
			buildConfigurationList = C1C54E941744D4FA216B9F7B /* Build configuration list for PBXNativeTarget "NamahWellness" */;
			buildPhases = (
				ADECBDA16617BAEB7494A126 /* Sources */,
				FFA16FFA26206D44ADF486A0 /* Resources */,
			);
			buildRules = (
			);
			dependencies = (
			);
			name = NamahWellness;
			packageProductDependencies = (
			);
			productName = NamahWellness;
			productReference = A179EE9B4D61732EBEBB66FE /* NamahWellness.app */;
			productType = "com.apple.product-type.application";
		};
/* End PBXNativeTarget section */

/* Begin PBXProject section */
		26A4E7B0AA8AFC2972B547AA /* Project object */ = {
			isa = PBXProject;
			attributes = {
				BuildIndependentTargetsInParallel = YES;
				LastUpgradeCheck = 1600;
				TargetAttributes = {
					67C036D8AF65DF00D25F95E4 = {
						DevelopmentTeam = V78DYGQTSW;
					};
					AD68A0F7B0C883EF402CA4C6 = {
						DevelopmentTeam = V78DYGQTSW;
					};
				};
			};
			buildConfigurationList = 5EFB65F9DD3ABC25C9715CC0 /* Build configuration list for PBXProject "NamahWellness" */;
			developmentRegion = en;
			hasScannedForEncodings = 0;
			knownRegions = (
				Base,
				en,
			);
			mainGroup = 1826F45657D66DA0C5B1117E;
			minimizedProjectReferenceProxies = 1;
			preferredProjectObjectVersion = 77;
			productRefGroup = AF2AF15A14AFAEE5948EB8D3 /* Products */;
			projectDirPath = "";
			projectRoot = "";
			targets = (
				AD68A0F7B0C883EF402CA4C6 /* NamahWellness */,
				67C036D8AF65DF00D25F95E4 /* NamahWellnessTests */,
			);
		};
/* End PBXProject section */

/* Begin PBXResourcesBuildPhase section */
		FFA16FFA26206D44ADF486A0 /* Resources */ = {
			isa = PBXResourcesBuildPhase;
			buildActionMask = 2147483647;
			files = (
				959CA95B0E6B0FC924697DEE /* Assets.xcassets in Resources */,
				E433CE378E806BF970D798F5 /* DMSerifDisplay-Italic.ttf in Resources */,
				9F83E0BD2B0F5ED3DA69CB4A /* DMSerifDisplay-Regular.ttf in Resources */,
				03648E324E5BFC4EA23A0D56 /* ETBookOT-Bold.otf in Resources */,
				0F9AA0D8814C1145305B4249 /* ETBookOT-Italic.otf in Resources */,
				42811FDE29A80C9297D6BCF0 /* ETBookOT-Roman.otf in Resources */,
				30EE9D79EFF77417CE090737 /* PlusJakartaSans-Italic-Variable.ttf in Resources */,
				7D1FB4CEABC2501DB2557982 /* PlusJakartaSans-Variable.ttf in Resources */,
			);
			runOnlyForDeploymentPostprocessing = 0;
		};
/* End PBXResourcesBuildPhase section */

/* Begin PBXSourcesBuildPhase section */
		9FC58978E1510D79B576F184 /* Sources */ = {
			isa = PBXSourcesBuildPhase;
			buildActionMask = 2147483647;
			files = (
				396A76BA5E7CA677D456F13D /* BBTLogTests.swift in Sources */,
				28BBB235D84556A111365641 /* CycleServiceTests.swift in Sources */,
				2DB693226B556C4869CE4843 /* SexualActivityLogTests.swift in Sources */,
				F4A199749635B750596064B2 /* TimeBlockServiceTests.swift in Sources */,
				217C430C64F2127E3BC45973 /* TimeParserTests.swift in Sources */,
			);
			runOnlyForDeploymentPostprocessing = 0;
		};
		ADECBDA16617BAEB7494A126 /* Sources */ = {
			isa = PBXSourcesBuildPhase;
			buildActionMask = 2147483647;
			files = (
				C4BDF05079E35A23C0034C27 /* APIClient.swift in Sources */,
				1E0B17C6A67D7A6EACB403EB /* APITypes.swift in Sources */,
				5F08CE76016ECA6456771BFB /* AddCustomSupplementView.swift in Sources */,
				52034D02C4571AB13AC0BD01 /* AddPlanItemSheet.swift in Sources */,
				1D4AEE89AE3C7364EE642085 /* AuthService.swift in Sources */,
				030E1F23D0A89A99B0E78FA7 /* BBTChartView.swift in Sources */,
				B2F48E498FA4918102E7E8E0 /* BBTLog.swift in Sources */,
				96797BB1154BAD605606F099 /* BrowseSupplementsSheet.swift in Sources */,
				241D91888B767F744E89CAC4 /* CalendarService.swift in Sources */,
				C3171CC81FF9CD2A155951C2 /* Completion.swift in Sources */,
				687FFA677A70FC9A07C6194C /* ContentView.swift in Sources */,
				CF12D9A71DC5F69035FF5F6B /* CycleLog.swift in Sources */,
				001A33020576B3AF24341159 /* CycleLogManager.swift in Sources */,
				4BD51021E9A7DC635BACA0FF /* CycleService.swift in Sources */,
				437E65AEA8BF08A7D9EB8ACB /* DailySchedule.swift in Sources */,
				743CDF5AA4EF10D7AA39A025 /* DailyScheduleTemplateSheet.swift in Sources */,
				A92DAD25FB6A93C925534217 /* DayDetailSheet.swift in Sources */,
				AA45A91D2C4939EDA0C59B56 /* EditProfileView.swift in Sources */,
				72B3B9EDA98808F827C928D8 /* EvidenceBadge.swift in Sources */,
				51622F48F5553D812757DE1A /* FlowLayout.swift in Sources */,
				C44A7517967587186959585B /* GroceryItem.swift in Sources */,
				FA06C900193CB20E0E208F41 /* GroceryListView.swift in Sources */,
				8E868CB450DC435E34B9F1F8 /* HormoneChartView.swift in Sources */,
				A5C11CBD7002971C23F562C4 /* HormoneData.swift in Sources */,
				60F28E643071535CE5C35361 /* HormonesView.swift in Sources */,
				15DBE4925CDEAF79128645FF /* Ingredient.swift in Sources */,
				D98E5790B5437496E52B4CE7 /* InsightRowView.swift in Sources */,
				D1E9D12383E8E872FAE73F08 /* InsightsSheetView.swift in Sources */,
				49860F69A231FAA08E77FD3C /* KeychainHelper.swift in Sources */,
				2100DEA3D0375304808B57D3 /* LearnView.swift in Sources */,
				5B212908DEB491DDE37D2745 /* LogPeriodSheet.swift in Sources */,
				E36B88022BFA168328829CF0 /* LogSupplementSheet.swift in Sources */,
				E7C07329818DD50382ECEEE5 /* LoginView.swift in Sources */,
				24CFECC7E05A555F29097687 /* MacroSummaryBar.swift in Sources */,
				EE2E0A4EC043873B85602A9D /* Meal.swift in Sources */,
				7F0E64D08EDB4851A2223BF5 /* MealCardContent.swift in Sources */,
				1FCEB15251A81E567BCDA861 /* MealCardView.swift in Sources */,
				8D913CF73BCBC73B4A3C20EA /* MealDetailView.swift in Sources */,
				AA90D64E7358C51BE360EBC5 /* MealDisplayable.swift in Sources */,
				F236CCF3E6EDDCAE9D06376C /* MealPlanView.swift in Sources */,
				34F0E16AE5A180131D4E929E /* MoveView.swift in Sources */,
				391B30BEF2F89463F895D21A /* MyCycleView.swift in Sources */,
				5F26C726E9C85134C94C0E02 /* NamahCopy.swift in Sources */,
				FA516638BF0D8245EA5622A1 /* NamahEmoji.swift in Sources */,
				B821DC990A74D351A4106E40 /* NamahTheme.swift in Sources */,
				F50EFC46E176783032A5E28D /* NamahWellnessApp.swift in Sources */,
				EF6F50A03227B53BCFDC8B5D /* NotificationService.swift in Sources */,
				5CFD94FA4BBE173A07B270EC /* NourishView.swift in Sources */,
				F5AFCA007D8AF722786F48B2 /* NutrientSheetView.swift in Sources */,
				6AF99D677B0EAB761D23F3BC /* Phase.swift in Sources */,
				D193423B046A79DEE0FD2282 /* PhaseDetailView.swift in Sources */,
				A4B1DEDBD4EEBC650EE03979 /* PhaseHeaderView.swift in Sources */,
				AC6F2DF69BB78E1AEF682D31 /* PhaseHeroCard.swift in Sources */,
				63295AAACEDC7D54D1FA7B8F /* PhaseShapes.swift in Sources */,
				23C40DBF4493E863CB1948DC /* PlanItemLog.swift in Sources */,
				3FB6627C99F80D39D278AC23 /* PlanResolver.swift in Sources */,
				5677803EBD6ABF08732CBDCD /* PlanSupplementsView.swift in Sources */,
				49B2612CFE20FA051B0220A3 /* PlanTemplate.swift in Sources */,
				1998C9D3CDF5081A78BDDC34 /* PlanView.swift in Sources */,
				18562E4C88CA4207B48D8E64 /* ProfileCardView.swift in Sources */,
				99BB9690759978216DA7CB6A /* ProfileView.swift in Sources */,
				5B0FF0DD9F2771C39D5D8F2A /* RecipeIngredient.swift in Sources */,
				9E53A8392F1F0E0491C3B3E5 /* SACalloutView.swift in Sources */,
				C8BAB807476C3FFA2B54D2D1 /* SexualActivityLog.swift in Sources */,
				CB8B237ED8E61749185E5299 /* Supplement.swift in Sources */,
				2CB612F8E387198C82A95B3C /* SwipeActionWrapper.swift in Sources */,
				4D188D4E73C2D392A1E96BA0 /* SymptomLog.swift in Sources */,
				BB4E2A34433556CB5CC52937 /* SymptomPillSelector.swift in Sources */,
				E01236801FB6406CDBC563D6 /* SyncChange.swift in Sources */,
				8ABC08B6124A9C5884082B41 /* SyncService.swift in Sources */,
				1EEACB6E8B1B6B40689CB31F /* TimeBlockProgressBar.swift in Sources */,
				EF249BB1AA9B14DE1017F1B2 /* TimeBlockSectionView.swift in Sources */,
				504C4AB356F2785DF61CB565 /* TimeBlockService.swift in Sources */,
				75D28AEAB79BB2B5DC353ECA /* TimeParser.swift in Sources */,
				5E63BD1CFA35BF71A4FA39F3 /* TodayView.swift in Sources */,
				BEF3AF9CCB48E2C5CB8AD985 /* UserItemHidden.swift in Sources */,
				F772722EDD21D966F7EE58CE /* UserPlanItem.swift in Sources */,
				BF28381CA44968E92C6B8D4C /* UserPlanSelection.swift in Sources */,
				48444D91397879B8B917C1A2 /* UserProfile.swift in Sources */,
				8E5574AA47293414B50271D5 /* Workout.swift in Sources */,
				5BE6BE676B4D1C6745F129FB /* WorkoutDetailView.swift in Sources */,
			);
			runOnlyForDeploymentPostprocessing = 0;
		};
/* End PBXSourcesBuildPhase section */

/* Begin PBXTargetDependency section */
		B4B02095ACFFC0AE450231C9 /* PBXTargetDependency */ = {
			isa = PBXTargetDependency;
			target = AD68A0F7B0C883EF402CA4C6 /* NamahWellness */;
			targetProxy = 9599269524084714CC572978 /* PBXContainerItemProxy */;
		};
/* End PBXTargetDependency section */

/* Begin XCBuildConfiguration section */
		192751A91BA76AFBA432EDC8 /* Release */ = {
			isa = XCBuildConfiguration;
			buildSettings = {
				ASSETCATALOG_COMPILER_APPICON_NAME = AppIcon;
				CODE_SIGN_IDENTITY = "iPhone Developer";
				CURRENT_PROJECT_VERSION = 9;
				INFOPLIST_FILE = NamahWellness/Resources/Info.plist;
				LD_RUNPATH_SEARCH_PATHS = (
					"$(inherited)",
					"@executable_path/Frameworks",
				);
				MARKETING_VERSION = 1.0.0;
				PRODUCT_BUNDLE_IDENTIFIER = com.namah.wellness;
				SDKROOT = iphoneos;
				TARGETED_DEVICE_FAMILY = "1,2";
			};
			name = Release;
		};
		318FFB6259A6997529BA8B33 /* Release */ = {
			isa = XCBuildConfiguration;
			buildSettings = {
				BUNDLE_LOADER = "$(TEST_HOST)";
				GENERATE_INFOPLIST_FILE = YES;
				LD_RUNPATH_SEARCH_PATHS = (
					"$(inherited)",
					"@executable_path/Frameworks",
					"@loader_path/Frameworks",
				);
				PRODUCT_BUNDLE_IDENTIFIER = com.namah.wellness.tests;
				SDKROOT = iphoneos;
				TARGETED_DEVICE_FAMILY = "1,2";
				TEST_HOST = "$(BUILT_PRODUCTS_DIR)/NamahWellness.app/NamahWellness";
			};
			name = Release;
		};
		68F03472A8E455DA186E87F1 /* Debug */ = {
			isa = XCBuildConfiguration;
			buildSettings = {
				ALWAYS_SEARCH_USER_PATHS = NO;
				ASSETCATALOG_COMPILER_APPICON_NAME = AppIcon;
				CLANG_ANALYZER_NONNULL = YES;
				CLANG_ANALYZER_NUMBER_OBJECT_CONVERSION = YES_AGGRESSIVE;
				CLANG_CXX_LANGUAGE_STANDARD = "gnu++14";
				CLANG_CXX_LIBRARY = "libc++";
				CLANG_ENABLE_MODULES = YES;
				CLANG_ENABLE_OBJC_ARC = YES;
				CLANG_ENABLE_OBJC_WEAK = YES;
				CLANG_WARN_BLOCK_CAPTURE_AUTORELEASING = YES;
				CLANG_WARN_BOOL_CONVERSION = YES;
				CLANG_WARN_COMMA = YES;
				CLANG_WARN_CONSTANT_CONVERSION = YES;
				CLANG_WARN_DEPRECATED_OBJC_IMPLEMENTATIONS = YES;
				CLANG_WARN_DIRECT_OBJC_ISA_USAGE = YES_ERROR;
				CLANG_WARN_DOCUMENTATION_COMMENTS = YES;
				CLANG_WARN_EMPTY_BODY = YES;
				CLANG_WARN_ENUM_CONVERSION = YES;
				CLANG_WARN_INFINITE_RECURSION = YES;
				CLANG_WARN_INT_CONVERSION = YES;
				CLANG_WARN_NON_LITERAL_NULL_CONVERSION = YES;
				CLANG_WARN_OBJC_IMPLICIT_RETAIN_SELF = YES;
				CLANG_WARN_OBJC_LITERAL_CONVERSION = YES;
				CLANG_WARN_OBJC_ROOT_CLASS = YES_ERROR;
				CLANG_WARN_QUOTED_INCLUDE_IN_FRAMEWORK_HEADER = YES;
				CLANG_WARN_RANGE_LOOP_ANALYSIS = YES;
				CLANG_WARN_STRICT_PROTOTYPES = YES;
				CLANG_WARN_SUSPICIOUS_MOVE = YES;
				CLANG_WARN_UNGUARDED_AVAILABILITY = YES_AGGRESSIVE;
				CLANG_WARN_UNREACHABLE_CODE = YES;
				CLANG_WARN__DUPLICATE_METHOD_MATCH = YES;
				COPY_PHASE_STRIP = NO;
				DEBUG_INFORMATION_FORMAT = dwarf;
				DEVELOPMENT_TEAM = V78DYGQTSW;
				ENABLE_STRICT_OBJC_MSGSEND = YES;
				ENABLE_TESTABILITY = YES;
				GCC_C_LANGUAGE_STANDARD = gnu11;
				GCC_DYNAMIC_NO_PIC = NO;
				GCC_NO_COMMON_BLOCKS = YES;
				GCC_OPTIMIZATION_LEVEL = 0;
				GCC_PREPROCESSOR_DEFINITIONS = (
					"$(inherited)",
					"DEBUG=1",
				);
				GCC_WARN_64_TO_32_BIT_CONVERSION = YES;
				GCC_WARN_ABOUT_RETURN_TYPE = YES_ERROR;
				GCC_WARN_UNDECLARED_SELECTOR = YES;
				GCC_WARN_UNINITIALIZED_AUTOS = YES_AGGRESSIVE;
				GCC_WARN_UNUSED_FUNCTION = YES;
				GCC_WARN_UNUSED_VARIABLE = YES;
				IPHONEOS_DEPLOYMENT_TARGET = 17.0;
				MTL_ENABLE_DEBUG_INFO = INCLUDE_SOURCE;
				MTL_FAST_MATH = YES;
				ONLY_ACTIVE_ARCH = YES;
				PRODUCT_NAME = "$(TARGET_NAME)";
				SDKROOT = iphoneos;
				SWIFT_ACTIVE_COMPILATION_CONDITIONS = DEBUG;
				SWIFT_OPTIMIZATION_LEVEL = "-Onone";
				SWIFT_VERSION = 5.0;
			};
			name = Debug;
		};
		86889A8CF4C4E773CFC767FE /* Debug */ = {
			isa = XCBuildConfiguration;
			buildSettings = {
				BUNDLE_LOADER = "$(TEST_HOST)";
				GENERATE_INFOPLIST_FILE = YES;
				LD_RUNPATH_SEARCH_PATHS = (
					"$(inherited)",
					"@executable_path/Frameworks",
					"@loader_path/Frameworks",
				);
				PRODUCT_BUNDLE_IDENTIFIER = com.namah.wellness.tests;
				SDKROOT = iphoneos;
				TARGETED_DEVICE_FAMILY = "1,2";
				TEST_HOST = "$(BUILT_PRODUCTS_DIR)/NamahWellness.app/NamahWellness";
			};
			name = Debug;
		};
		A977EF9C887A9C328F51D8D4 /* Release */ = {
			isa = XCBuildConfiguration;
			buildSettings = {
				ALWAYS_SEARCH_USER_PATHS = NO;
				ASSETCATALOG_COMPILER_APPICON_NAME = AppIcon;
				CLANG_ANALYZER_NONNULL = YES;
				CLANG_ANALYZER_NUMBER_OBJECT_CONVERSION = YES_AGGRESSIVE;
				CLANG_CXX_LANGUAGE_STANDARD = "gnu++14";
				CLANG_CXX_LIBRARY = "libc++";
				CLANG_ENABLE_MODULES = YES;
				CLANG_ENABLE_OBJC_ARC = YES;
				CLANG_ENABLE_OBJC_WEAK = YES;
				CLANG_WARN_BLOCK_CAPTURE_AUTORELEASING = YES;
				CLANG_WARN_BOOL_CONVERSION = YES;
				CLANG_WARN_COMMA = YES;
				CLANG_WARN_CONSTANT_CONVERSION = YES;
				CLANG_WARN_DEPRECATED_OBJC_IMPLEMENTATIONS = YES;
				CLANG_WARN_DIRECT_OBJC_ISA_USAGE = YES_ERROR;
				CLANG_WARN_DOCUMENTATION_COMMENTS = YES;
				CLANG_WARN_EMPTY_BODY = YES;
				CLANG_WARN_ENUM_CONVERSION = YES;
				CLANG_WARN_INFINITE_RECURSION = YES;
				CLANG_WARN_INT_CONVERSION = YES;
				CLANG_WARN_NON_LITERAL_NULL_CONVERSION = YES;
				CLANG_WARN_OBJC_IMPLICIT_RETAIN_SELF = YES;
				CLANG_WARN_OBJC_LITERAL_CONVERSION = YES;
				CLANG_WARN_OBJC_ROOT_CLASS = YES_ERROR;
				CLANG_WARN_QUOTED_INCLUDE_IN_FRAMEWORK_HEADER = YES;
				CLANG_WARN_RANGE_LOOP_ANALYSIS = YES;
				CLANG_WARN_STRICT_PROTOTYPES = YES;
				CLANG_WARN_SUSPICIOUS_MOVE = YES;
				CLANG_WARN_UNGUARDED_AVAILABILITY = YES_AGGRESSIVE;
				CLANG_WARN_UNREACHABLE_CODE = YES;
				CLANG_WARN__DUPLICATE_METHOD_MATCH = YES;
				COPY_PHASE_STRIP = NO;
				DEBUG_INFORMATION_FORMAT = "dwarf-with-dsym";
				DEVELOPMENT_TEAM = V78DYGQTSW;
				ENABLE_NS_ASSERTIONS = NO;
				ENABLE_STRICT_OBJC_MSGSEND = YES;
				GCC_C_LANGUAGE_STANDARD = gnu11;
				GCC_NO_COMMON_BLOCKS = YES;
				GCC_WARN_64_TO_32_BIT_CONVERSION = YES;
				GCC_WARN_ABOUT_RETURN_TYPE = YES_ERROR;
				GCC_WARN_UNDECLARED_SELECTOR = YES;
				GCC_WARN_UNINITIALIZED_AUTOS = YES_AGGRESSIVE;
				GCC_WARN_UNUSED_FUNCTION = YES;
				GCC_WARN_UNUSED_VARIABLE = YES;
				IPHONEOS_DEPLOYMENT_TARGET = 17.0;
				MTL_ENABLE_DEBUG_INFO = NO;
				MTL_FAST_MATH = YES;
				PRODUCT_NAME = "$(TARGET_NAME)";
				SDKROOT = iphoneos;
				SWIFT_COMPILATION_MODE = wholemodule;
				SWIFT_OPTIMIZATION_LEVEL = "-O";
				SWIFT_VERSION = 5.0;
			};
			name = Release;
		};
		B9EEEE1C01C50B084DBF09ED /* Debug */ = {
			isa = XCBuildConfiguration;
			buildSettings = {
				ASSETCATALOG_COMPILER_APPICON_NAME = AppIcon;
				CODE_SIGN_IDENTITY = "iPhone Developer";
				CURRENT_PROJECT_VERSION = 9;
				INFOPLIST_FILE = NamahWellness/Resources/Info.plist;
				LD_RUNPATH_SEARCH_PATHS = (
					"$(inherited)",
					"@executable_path/Frameworks",
				);
				MARKETING_VERSION = 1.0.0;
				PRODUCT_BUNDLE_IDENTIFIER = com.namah.wellness;
				SDKROOT = iphoneos;
				TARGETED_DEVICE_FAMILY = "1,2";
			};
			name = Debug;
		};
/* End XCBuildConfiguration section */

/* Begin XCConfigurationList section */
		5EFB65F9DD3ABC25C9715CC0 /* Build configuration list for PBXProject "NamahWellness" */ = {
			isa = XCConfigurationList;
			buildConfigurations = (
				68F03472A8E455DA186E87F1 /* Debug */,
				A977EF9C887A9C328F51D8D4 /* Release */,
			);
			defaultConfigurationIsVisible = 0;
			defaultConfigurationName = Debug;
		};
		C1C54E941744D4FA216B9F7B /* Build configuration list for PBXNativeTarget "NamahWellness" */ = {
			isa = XCConfigurationList;
			buildConfigurations = (
				B9EEEE1C01C50B084DBF09ED /* Debug */,
				192751A91BA76AFBA432EDC8 /* Release */,
			);
			defaultConfigurationIsVisible = 0;
			defaultConfigurationName = Debug;
		};
		F8AFDA3B854F6416E665339E /* Build configuration list for PBXNativeTarget "NamahWellnessTests" */ = {
			isa = XCConfigurationList;
			buildConfigurations = (
				86889A8CF4C4E773CFC767FE /* Debug */,
				318FFB6259A6997529BA8B33 /* Release */,
			);
			defaultConfigurationIsVisible = 0;
			defaultConfigurationName = Debug;
		};
/* End XCConfigurationList section */
	};
	rootObject = 26A4E7B0AA8AFC2972B547AA /* Project object */;
}
